// !$*UTF8*$!
{
	archiveVersion = 1;
	classes = {
	};
	objectVersion = 51;
	objects = {

/* Begin PBXBuildFile section */
		07523D0B249503715FD1769F /* Pods_AirTickets.framework in Frameworks */ = {isa = PBXBuildFile; fileRef = CC33640A8BBB28D246F6C5F8 /* Pods_AirTickets.framework */; };
		B12385F5256C33B9000EC976 /* airports.json in Resources */ = {isa = PBXBuildFile; fileRef = B12385F2256C33B8000EC976 /* airports.json */; };
		B12385F6256C33B9000EC976 /* countries.json in Resources */ = {isa = PBXBuildFile; fileRef = B12385F3256C33B9000EC976 /* countries.json */; };
		B12385F7256C33B9000EC976 /* cities.json in Resources */ = {isa = PBXBuildFile; fileRef = B12385F4256C33B9000EC976 /* cities.json */; };
		B12385FC256C3458000EC976 /* Airport.m in Sources */ = {isa = PBXBuildFile; fileRef = B12385FB256C3458000EC976 /* Airport.m */; };
		B1238601256C3469000EC976 /* City.m in Sources */ = {isa = PBXBuildFile; fileRef = B1238600256C3469000EC976 /* City.m */; };
		B1238605256C3478000EC976 /* Country.m in Sources */ = {isa = PBXBuildFile; fileRef = B1238604256C3478000EC976 /* Country.m */; };
		B123860A256C3DC2000EC976 /* DataManager.m in Sources */ = {isa = PBXBuildFile; fileRef = B1238609256C3DC2000EC976 /* DataManager.m */; };
		B12A16EF257FFD5E00396E9E /* MapPrice.m in Sources */ = {isa = PBXBuildFile; fileRef = B12A16EE257FFD5E00396E9E /* MapPrice.m */; };
		B12A16F32580062D00396E9E /* LocationManager.m in Sources */ = {isa = PBXBuildFile; fileRef = B12A16F22580062D00396E9E /* LocationManager.m */; };
		B12A16F725804F6400396E9E /* MapViewController.m in Sources */ = {isa = PBXBuildFile; fileRef = B12A16F625804F6400396E9E /* MapViewController.m */; };
		B15F27EC257276D2006727FB /* PlaceViewController.m in Sources */ = {isa = PBXBuildFile; fileRef = B15F27EB257276D2006727FB /* PlaceViewController.m */; };
		B15F27F02572C613006727FB /* SearchRequest.h in Sources */ = {isa = PBXBuildFile; fileRef = B15F27EF2572C613006727FB /* SearchRequest.h */; };
		B18F91202573236C00313F36 /* APIManager.m in Sources */ = {isa = PBXBuildFile; fileRef = B18F911F2573236C00313F36 /* APIManager.m */; };
		B18F91252576032800313F36 /* Ticket.m in Sources */ = {isa = PBXBuildFile; fileRef = B18F91242576032800313F36 /* Ticket.m */; };
		B18F912F25760C9D00313F36 /* TicketTableViewCell.m in Sources */ = {isa = PBXBuildFile; fileRef = B18F912E25760C9D00313F36 /* TicketTableViewCell.m */; };
		B18F913A257611E900313F36 /* TicketsTableViewController.m in Sources */ = {isa = PBXBuildFile; fileRef = B18F9139257611E900313F36 /* TicketsTableViewController.m */; };
		B1FCFE5D256423BC0000622A /* AppDelegate.m in Sources */ = {isa = PBXBuildFile; fileRef = B1FCFE5C256423BC0000622A /* AppDelegate.m */; };
		B1FCFE60256423BC0000622A /* SceneDelegate.m in Sources */ = {isa = PBXBuildFile; fileRef = B1FCFE5F256423BC0000622A /* SceneDelegate.m */; };
		B1FCFE63256423BC0000622A /* MainViewController.m in Sources */ = {isa = PBXBuildFile; fileRef = B1FCFE62256423BC0000622A /* MainViewController.m */; };
		B1FCFE68256423BE0000622A /* Assets.xcassets in Resources */ = {isa = PBXBuildFile; fileRef = B1FCFE67256423BE0000622A /* Assets.xcassets */; };
		B1FCFE6B256423BE0000622A /* LaunchScreen.storyboard in Resources */ = {isa = PBXBuildFile; fileRef = B1FCFE69256423BE0000622A /* LaunchScreen.storyboard */; };
		B1FCFE6E256423BE0000622A /* main.m in Sources */ = {isa = PBXBuildFile; fileRef = B1FCFE6D256423BE0000622A /* main.m */; };
/* End PBXBuildFile section */

/* Begin PBXFileReference section */
		4C22442621A1BCD519E90146 /* Pods-AirTickets.debug.xcconfig */ = {isa = PBXFileReference; includeInIndex = 1; lastKnownFileType = text.xcconfig; name = "Pods-AirTickets.debug.xcconfig"; path = "Target Support Files/Pods-AirTickets/Pods-AirTickets.debug.xcconfig"; sourceTree = "<group>"; };
		B12385F2256C33B8000EC976 /* airports.json */ = {isa = PBXFileReference; fileEncoding = 4; lastKnownFileType = text.json; path = airports.json; sourceTree = "<group>"; };
		B12385F3256C33B9000EC976 /* countries.json */ = {isa = PBXFileReference; fileEncoding = 4; lastKnownFileType = text.json; path = countries.json; sourceTree = "<group>"; };
		B12385F4256C33B9000EC976 /* cities.json */ = {isa = PBXFileReference; fileEncoding = 4; lastKnownFileType = text.json; path = cities.json; sourceTree = "<group>"; };
		B12385FA256C3458000EC976 /* Airport.h */ = {isa = PBXFileReference; lastKnownFileType = sourcecode.c.h; path = Airport.h; sourceTree = "<group>"; };
		B12385FB256C3458000EC976 /* Airport.m */ = {isa = PBXFileReference; lastKnownFileType = sourcecode.c.objc; path = Airport.m; sourceTree = "<group>"; };
		B12385FF256C3469000EC976 /* City.h */ = {isa = PBXFileReference; lastKnownFileType = sourcecode.c.h; path = City.h; sourceTree = "<group>"; };
		B1238600256C3469000EC976 /* City.m */ = {isa = PBXFileReference; lastKnownFileType = sourcecode.c.objc; path = City.m; sourceTree = "<group>"; };
		B1238603256C3478000EC976 /* Country.h */ = {isa = PBXFileReference; lastKnownFileType = sourcecode.c.h; path = Country.h; sourceTree = "<group>"; };
		B1238604256C3478000EC976 /* Country.m */ = {isa = PBXFileReference; lastKnownFileType = sourcecode.c.objc; path = Country.m; sourceTree = "<group>"; };
		B1238608256C3DC2000EC976 /* DataManager.h */ = {isa = PBXFileReference; lastKnownFileType = sourcecode.c.h; path = DataManager.h; sourceTree = "<group>"; };
		B1238609256C3DC2000EC976 /* DataManager.m */ = {isa = PBXFileReference; lastKnownFileType = sourcecode.c.objc; path = DataManager.m; sourceTree = "<group>"; };
		B12A16ED257FFD5E00396E9E /* MapPrice.h */ = {isa = PBXFileReference; lastKnownFileType = sourcecode.c.h; path = MapPrice.h; sourceTree = "<group>"; };
		B12A16EE257FFD5E00396E9E /* MapPrice.m */ = {isa = PBXFileReference; lastKnownFileType = sourcecode.c.objc; path = MapPrice.m; sourceTree = "<group>"; };
		B12A16F12580062D00396E9E /* LocationManager.h */ = {isa = PBXFileReference; lastKnownFileType = sourcecode.c.h; path = LocationManager.h; sourceTree = "<group>"; };
		B12A16F22580062D00396E9E /* LocationManager.m */ = {isa = PBXFileReference; lastKnownFileType = sourcecode.c.objc; path = LocationManager.m; sourceTree = "<group>"; };
		B12A16F525804F6400396E9E /* MapViewController.h */ = {isa = PBXFileReference; lastKnownFileType = sourcecode.c.h; path = MapViewController.h; sourceTree = "<group>"; };
		B12A16F625804F6400396E9E /* MapViewController.m */ = {isa = PBXFileReference; lastKnownFileType = sourcecode.c.objc; path = MapViewController.m; sourceTree = "<group>"; };
		B15F27EA257276D2006727FB /* PlaceViewController.h */ = {isa = PBXFileReference; lastKnownFileType = sourcecode.c.h; path = PlaceViewController.h; sourceTree = "<group>"; };
		B15F27EB257276D2006727FB /* PlaceViewController.m */ = {isa = PBXFileReference; lastKnownFileType = sourcecode.c.objc; path = PlaceViewController.m; sourceTree = "<group>"; };
		B15F27EF2572C613006727FB /* SearchRequest.h */ = {isa = PBXFileReference; lastKnownFileType = sourcecode.c.h; path = SearchRequest.h; sourceTree = "<group>"; };
		B18F911E2573236C00313F36 /* APIManager.h */ = {isa = PBXFileReference; lastKnownFileType = sourcecode.c.h; path = APIManager.h; sourceTree = "<group>"; };
		B18F911F2573236C00313F36 /* APIManager.m */ = {isa = PBXFileReference; lastKnownFileType = sourcecode.c.objc; path = APIManager.m; sourceTree = "<group>"; };
		B18F91232576032800313F36 /* Ticket.h */ = {isa = PBXFileReference; lastKnownFileType = sourcecode.c.h; path = Ticket.h; sourceTree = "<group>"; };
		B18F91242576032800313F36 /* Ticket.m */ = {isa = PBXFileReference; lastKnownFileType = sourcecode.c.objc; path = Ticket.m; sourceTree = "<group>"; };
		B18F912D25760C9D00313F36 /* TicketTableViewCell.h */ = {isa = PBXFileReference; lastKnownFileType = sourcecode.c.h; path = TicketTableViewCell.h; sourceTree = "<group>"; };
		B18F912E25760C9D00313F36 /* TicketTableViewCell.m */ = {isa = PBXFileReference; lastKnownFileType = sourcecode.c.objc; path = TicketTableViewCell.m; sourceTree = "<group>"; };
		B18F9138257611E900313F36 /* TicketsTableViewController.h */ = {isa = PBXFileReference; lastKnownFileType = sourcecode.c.h; path = TicketsTableViewController.h; sourceTree = "<group>"; };
		B18F9139257611E900313F36 /* TicketsTableViewController.m */ = {isa = PBXFileReference; lastKnownFileType = sourcecode.c.objc; path = TicketsTableViewController.m; sourceTree = "<group>"; };
		B1FCFE58256423BC0000622A /* AirTickets.app */ = {isa = PBXFileReference; explicitFileType = wrapper.application; includeInIndex = 0; path = AirTickets.app; sourceTree = BUILT_PRODUCTS_DIR; };
		B1FCFE5B256423BC0000622A /* AppDelegate.h */ = {isa = PBXFileReference; lastKnownFileType = sourcecode.c.h; path = AppDelegate.h; sourceTree = "<group>"; };
		B1FCFE5C256423BC0000622A /* AppDelegate.m */ = {isa = PBXFileReference; lastKnownFileType = sourcecode.c.objc; path = AppDelegate.m; sourceTree = "<group>"; };
		B1FCFE5E256423BC0000622A /* SceneDelegate.h */ = {isa = PBXFileReference; lastKnownFileType = sourcecode.c.h; path = SceneDelegate.h; sourceTree = "<group>"; };
		B1FCFE5F256423BC0000622A /* SceneDelegate.m */ = {isa = PBXFileReference; lastKnownFileType = sourcecode.c.objc; path = SceneDelegate.m; sourceTree = "<group>"; };
		B1FCFE61256423BC0000622A /* MainViewController.h */ = {isa = PBXFileReference; lastKnownFileType = sourcecode.c.h; path = MainViewController.h; sourceTree = "<group>"; };
		B1FCFE62256423BC0000622A /* MainViewController.m */ = {isa = PBXFileReference; lastKnownFileType = sourcecode.c.objc; path = MainViewController.m; sourceTree = "<group>"; };
		B1FCFE67256423BE0000622A /* Assets.xcassets */ = {isa = PBXFileReference; lastKnownFileType = folder.assetcatalog; path = Assets.xcassets; sourceTree = "<group>"; };
		B1FCFE6A256423BE0000622A /* Base */ = {isa = PBXFileReference; lastKnownFileType = file.storyboard; name = Base; path = Base.lproj/LaunchScreen.storyboard; sourceTree = "<group>"; };
		B1FCFE6C256423BE0000622A /* Info.plist */ = {isa = PBXFileReference; lastKnownFileType = text.plist.xml; path = Info.plist; sourceTree = "<group>"; };
		B1FCFE6D256423BE0000622A /* main.m */ = {isa = PBXFileReference; lastKnownFileType = sourcecode.c.objc; path = main.m; sourceTree = "<group>"; };
		CB7D1B04E86F3C3D6E688B9C /* Pods-AirTickets.release.xcconfig */ = {isa = PBXFileReference; includeInIndex = 1; lastKnownFileType = text.xcconfig; name = "Pods-AirTickets.release.xcconfig"; path = "Target Support Files/Pods-AirTickets/Pods-AirTickets.release.xcconfig"; sourceTree = "<group>"; };
		CC33640A8BBB28D246F6C5F8 /* Pods_AirTickets.framework */ = {isa = PBXFileReference; explicitFileType = wrapper.framework; includeInIndex = 0; path = Pods_AirTickets.framework; sourceTree = BUILT_PRODUCTS_DIR; };
/* End PBXFileReference section */

/* Begin PBXFrameworksBuildPhase section */
		B1FCFE55256423BC0000622A /* Frameworks */ = {
			isa = PBXFrameworksBuildPhase;
			buildActionMask = 2147483647;
			files = (
				07523D0B249503715FD1769F /* Pods_AirTickets.framework in Frameworks */,
			);
			runOnlyForDeploymentPostprocessing = 0;
		};
/* End PBXFrameworksBuildPhase section */

/* Begin PBXGroup section */
		4A3177F292B591776F6DFCF3 /* Pods */ = {
			isa = PBXGroup;
			children = (
				4C22442621A1BCD519E90146 /* Pods-AirTickets.debug.xcconfig */,
				CB7D1B04E86F3C3D6E688B9C /* Pods-AirTickets.release.xcconfig */,
			);
			path = Pods;
			sourceTree = "<group>";
		};
		B12385F1256C333E000EC976 /* Resources */ = {
			isa = PBXGroup;
			children = (
				B12385F2256C33B8000EC976 /* airports.json */,
				B12385F4256C33B9000EC976 /* cities.json */,
				B12385F3256C33B9000EC976 /* countries.json */,
			);
			path = Resources;
			sourceTree = "<group>";
		};
		B12385F9256C33E4000EC976 /* Models */ = {
			isa = PBXGroup;
			children = (
				B12385FA256C3458000EC976 /* Airport.h */,
				B12385FB256C3458000EC976 /* Airport.m */,
				B12385FF256C3469000EC976 /* City.h */,
				B1238600256C3469000EC976 /* City.m */,
				B1238603256C3478000EC976 /* Country.h */,
				B1238604256C3478000EC976 /* Country.m */,
				B18F91232576032800313F36 /* Ticket.h */,
				B18F91242576032800313F36 /* Ticket.m */,
				B15F27EF2572C613006727FB /* SearchRequest.h */,
				B12A16ED257FFD5E00396E9E /* MapPrice.h */,
				B12A16EE257FFD5E00396E9E /* MapPrice.m */,
			);
			path = Models;
			sourceTree = "<group>";
		};
		B1238607256C3D63000EC976 /* Managers */ = {
			isa = PBXGroup;
			children = (
				B1238608256C3DC2000EC976 /* DataManager.h */,
				B1238609256C3DC2000EC976 /* DataManager.m */,
				B18F911E2573236C00313F36 /* APIManager.h */,
				B18F911F2573236C00313F36 /* APIManager.m */,
				B12A16F12580062D00396E9E /* LocationManager.h */,
				B12A16F22580062D00396E9E /* LocationManager.m */,
			);
			path = Managers;
			sourceTree = "<group>";
		};
		B12A17222581791D00396E9E /* ViewControllers */ = {
			isa = PBXGroup;
			children = (
				B1FCFE61256423BC0000622A /* MainViewController.h */,
				B1FCFE62256423BC0000622A /* MainViewController.m */,
				B15F27EA257276D2006727FB /* PlaceViewController.h */,
				B15F27EB257276D2006727FB /* PlaceViewController.m */,
				B18F9138257611E900313F36 /* TicketsTableViewController.h */,
				B18F9139257611E900313F36 /* TicketsTableViewController.m */,
				B12A16F525804F6400396E9E /* MapViewController.h */,
				B12A16F625804F6400396E9E /* MapViewController.m */,
			);
			path = ViewControllers;
			sourceTree = "<group>";
		};
		B18F912C25760C6B00313F36 /* Cells */ = {
			isa = PBXGroup;
			children = (
				B18F912D25760C9D00313F36 /* TicketTableViewCell.h */,
				B18F912E25760C9D00313F36 /* TicketTableViewCell.m */,
			);
			path = Cells;
			sourceTree = "<group>";
		};
		B1FCFE4F256423BC0000622A = {
			isa = PBXGroup;
			children = (
				B1FCFE5A256423BC0000622A /* AirTickets */,
				B1FCFE59256423BC0000622A /* Products */,
				4A3177F292B591776F6DFCF3 /* Pods */,
				CE915814A31DE7EA3E69A6CB /* Frameworks */,
			);
			sourceTree = "<group>";
		};
		B1FCFE59256423BC0000622A /* Products */ = {
			isa = PBXGroup;
			children = (
				B1FCFE58256423BC0000622A /* AirTickets.app */,
			);
			name = Products;
			sourceTree = "<group>";
		};
		B1FCFE5A256423BC0000622A /* AirTickets */ = {
			isa = PBXGroup;
			children = (
				B12385F9256C33E4000EC976 /* Models */,
				B1238607256C3D63000EC976 /* Managers */,
				B18F912C25760C6B00313F36 /* Cells */,
				B12A17222581791D00396E9E /* ViewControllers */,
				B1FCFE5B256423BC0000622A /* AppDelegate.h */,
				B1FCFE5C256423BC0000622A /* AppDelegate.m */,
				B1FCFE5E256423BC0000622A /* SceneDelegate.h */,
				B1FCFE5F256423BC0000622A /* SceneDelegate.m */,
				B1FCFE67256423BE0000622A /* Assets.xcassets */,
				B1FCFE69256423BE0000622A /* LaunchScreen.storyboard */,
				B1FCFE6C256423BE0000622A /* Info.plist */,
				B1FCFE6D256423BE0000622A /* main.m */,
				B12385F1256C333E000EC976 /* Resources */,
			);
			path = AirTickets;
			sourceTree = "<group>";
		};
		CE915814A31DE7EA3E69A6CB /* Frameworks */ = {
			isa = PBXGroup;
			children = (
				CC33640A8BBB28D246F6C5F8 /* Pods_AirTickets.framework */,
			);
			name = Frameworks;
			sourceTree = "<group>";
		};
/* End PBXGroup section */

/* Begin PBXNativeTarget section */
		B1FCFE57256423BC0000622A /* AirTickets */ = {
			isa = PBXNativeTarget;
			buildConfigurationList = B1FCFE71256423BE0000622A /* Build configuration list for PBXNativeTarget "AirTickets" */;
			buildPhases = (
				59C402372913DEF971860B73 /* [CP] Check Pods Manifest.lock */,
				B1FCFE54256423BC0000622A /* Sources */,
				B1FCFE55256423BC0000622A /* Frameworks */,
				B1FCFE56256423BC0000622A /* Resources */,
				B21E81F9ED0ABE1B32A338EE /* [CP] Embed Pods Frameworks */,
			);
			buildRules = (
			);
			dependencies = (
			);
			name = AirTickets;
			productName = AirTickets;
			productReference = B1FCFE58256423BC0000622A /* AirTickets.app */;
			productType = "com.apple.product-type.application";
		};
/* End PBXNativeTarget section */

/* Begin PBXProject section */
		B1FCFE50256423BC0000622A /* Project object */ = {
			isa = PBXProject;
			attributes = {
				LastUpgradeCheck = 1220;
				TargetAttributes = {
					B1FCFE57256423BC0000622A = {
						CreatedOnToolsVersion = 12.2;
					};
				};
			};
			buildConfigurationList = B1FCFE53256423BC0000622A /* Build configuration list for PBXProject "AirTickets" */;
			compatibilityVersion = "Xcode 9.3";
			developmentRegion = en;
			hasScannedForEncodings = 0;
			knownRegions = (
				en,
				Base,
			);
			mainGroup = B1FCFE4F256423BC0000622A;
			productRefGroup = B1FCFE59256423BC0000622A /* Products */;
			projectDirPath = "";
			projectRoot = "";
			targets = (
				B1FCFE57256423BC0000622A /* AirTickets */,
			);
		};
/* End PBXProject section */

/* Begin PBXResourcesBuildPhase section */
		B1FCFE56256423BC0000622A /* Resources */ = {
			isa = PBXResourcesBuildPhase;
			buildActionMask = 2147483647;
			files = (
				B1FCFE6B256423BE0000622A /* LaunchScreen.storyboard in Resources */,
				B12385F7256C33B9000EC976 /* cities.json in Resources */,
				B1FCFE68256423BE0000622A /* Assets.xcassets in Resources */,
				B12385F6256C33B9000EC976 /* countries.json in Resources */,
				B12385F5256C33B9000EC976 /* airports.json in Resources */,
			);
			runOnlyForDeploymentPostprocessing = 0;
		};
/* End PBXResourcesBuildPhase section */

/* Begin PBXShellScriptBuildPhase section */
		59C402372913DEF971860B73 /* [CP] Check Pods Manifest.lock */ = {
			isa = PBXShellScriptBuildPhase;
			buildActionMask = 2147483647;
			files = (
			);
			inputFileListPaths = (
			);
			inputPaths = (
				"${PODS_PODFILE_DIR_PATH}/Podfile.lock",
				"${PODS_ROOT}/Manifest.lock",
			);
			name = "[CP] Check Pods Manifest.lock";
			outputFileListPaths = (
			);
			outputPaths = (
				"$(DERIVED_FILE_DIR)/Pods-AirTickets-checkManifestLockResult.txt",
			);
			runOnlyForDeploymentPostprocessing = 0;
			shellPath = /bin/sh;
			shellScript = "diff \"${PODS_PODFILE_DIR_PATH}/Podfile.lock\" \"${PODS_ROOT}/Manifest.lock\" > /dev/null\nif [ $? != 0 ] ; then\n    # print error to STDERR\n    echo \"error: The sandbox is not in sync with the Podfile.lock. Run 'pod install' or update your CocoaPods installation.\" >&2\n    exit 1\nfi\n# This output is used by Xcode 'outputs' to avoid re-running this script phase.\necho \"SUCCESS\" > \"${SCRIPT_OUTPUT_FILE_0}\"\n";
			showEnvVarsInLog = 0;
		};
		B21E81F9ED0ABE1B32A338EE /* [CP] Embed Pods Frameworks */ = {
			isa = PBXShellScriptBuildPhase;
			buildActionMask = 2147483647;
			files = (
			);
			inputFileListPaths = (
				"${PODS_ROOT}/Target Support Files/Pods-AirTickets/Pods-AirTickets-frameworks-${CONFIGURATION}-input-files.xcfilelist",
			);
			name = "[CP] Embed Pods Frameworks";
			outputFileListPaths = (
				"${PODS_ROOT}/Target Support Files/Pods-AirTickets/Pods-AirTickets-frameworks-${CONFIGURATION}-output-files.xcfilelist",
			);
			runOnlyForDeploymentPostprocessing = 0;
			shellPath = /bin/sh;
			shellScript = "\"${PODS_ROOT}/Target Support Files/Pods-AirTickets/Pods-AirTickets-frameworks.sh\"\n";
			showEnvVarsInLog = 0;
		};
/* End PBXShellScriptBuildPhase section */

/* Begin PBXSourcesBuildPhase section */
		B1FCFE54256423BC0000622A /* Sources */ = {
			isa = PBXSourcesBuildPhase;
			buildActionMask = 2147483647;
			files = (
				B12A16F32580062D00396E9E /* LocationManager.m in Sources */,
				B15F27EC257276D2006727FB /* PlaceViewController.m in Sources */,
				B1238605256C3478000EC976 /* Country.m in Sources */,
				B1FCFE63256423BC0000622A /* MainViewController.m in Sources */,
				B12385FC256C3458000EC976 /* Airport.m in Sources */,
				B1238601256C3469000EC976 /* City.m in Sources */,
				B1FCFE5D256423BC0000622A /* AppDelegate.m in Sources */,
				B123860A256C3DC2000EC976 /* DataManager.m in Sources */,
				B15F27F02572C613006727FB /* SearchRequest.h in Sources */,
				B1FCFE6E256423BE0000622A /* main.m in Sources */,
				B12A16EF257FFD5E00396E9E /* MapPrice.m in Sources */,
				B18F913A257611E900313F36 /* TicketsTableViewController.m in Sources */,
				B1FCFE60256423BC0000622A /* SceneDelegate.m in Sources */,
				B18F91202573236C00313F36 /* APIManager.m in Sources */,
				B18F91252576032800313F36 /* Ticket.m in Sources */,
				B12A16F725804F6400396E9E /* MapViewController.m in Sources */,
				B18F912F25760C9D00313F36 /* TicketTableViewCell.m in Sources */,
			);
			runOnlyForDeploymentPostprocessing = 0;
		};
/* End PBXSourcesBuildPhase section */

/* Begin PBXVariantGroup section */
		B1FCFE69256423BE0000622A /* LaunchScreen.storyboard */ = {
			isa = PBXVariantGroup;
			children = (
				B1FCFE6A256423BE0000622A /* Base */,
			);
			name = LaunchScreen.storyboard;
			sourceTree = "<group>";
		};
/* End PBXVariantGroup section */

/* Begin XCBuildConfiguration section */
		B1FCFE6F256423BE0000622A /* Debug */ = {
			isa = XCBuildConfiguration;
			buildSettings = {
				ALWAYS_SEARCH_USER_PATHS = NO;
				CLANG_ANALYZER_NONNULL = YES;
				CLANG_ANALYZER_NUMBER_OBJECT_CONVERSION = YES_AGGRESSIVE;
				CLANG_CXX_LANGUAGE_STANDARD = "gnu++14";
				CLANG_CXX_LIBRARY = "libc++";
				CLANG_ENABLE_MODULES = YES;
				CLANG_ENABLE_OBJC_ARC = YES;
				CLANG_ENABLE_OBJC_WEAK = YES;
				CLANG_WARN_BLOCK_CAPTURE_AUTORELEASING = YES;
				CLANG_WARN_BOOL_CONVERSION = YES;
				CLANG_WARN_COMMA = YES;
				CLANG_WARN_CONSTANT_CONVERSION = YES;
				CLANG_WARN_DEPRECATED_OBJC_IMPLEMENTATIONS = YES;
				CLANG_WARN_DIRECT_OBJC_ISA_USAGE = YES_ERROR;
				CLANG_WARN_DOCUMENTATION_COMMENTS = YES;
				CLANG_WARN_EMPTY_BODY = YES;
				CLANG_WARN_ENUM_CONVERSION = YES;
				CLANG_WARN_INFINITE_RECURSION = YES;
				CLANG_WARN_INT_CONVERSION = YES;
				CLANG_WARN_NON_LITERAL_NULL_CONVERSION = YES;
				CLANG_WARN_OBJC_IMPLICIT_RETAIN_SELF = YES;
				CLANG_WARN_OBJC_LITERAL_CONVERSION = YES;
				CLANG_WARN_OBJC_ROOT_CLASS = YES_ERROR;
				CLANG_WARN_QUOTED_INCLUDE_IN_FRAMEWORK_HEADER = YES;
				CLANG_WARN_RANGE_LOOP_ANALYSIS = YES;
				CLANG_WARN_STRICT_PROTOTYPES = YES;
				CLANG_WARN_SUSPICIOUS_MOVE = YES;
				CLANG_WARN_UNGUARDED_AVAILABILITY = YES_AGGRESSIVE;
				CLANG_WARN_UNREACHABLE_CODE = YES;
				CLANG_WARN__DUPLICATE_METHOD_MATCH = YES;
				COPY_PHASE_STRIP = NO;
				DEBUG_INFORMATION_FORMAT = dwarf;
				ENABLE_STRICT_OBJC_MSGSEND = YES;
				ENABLE_TESTABILITY = YES;
				GCC_C_LANGUAGE_STANDARD = gnu11;
				GCC_DYNAMIC_NO_PIC = NO;
				GCC_NO_COMMON_BLOCKS = YES;
				GCC_OPTIMIZATION_LEVEL = 0;
				GCC_PREPROCESSOR_DEFINITIONS = (
					"DEBUG=1",
					"$(inherited)",
				);
				GCC_WARN_64_TO_32_BIT_CONVERSION = YES;
				GCC_WARN_ABOUT_RETURN_TYPE = YES_ERROR;
				GCC_WARN_UNDECLARED_SELECTOR = YES;
				GCC_WARN_UNINITIALIZED_AUTOS = YES_AGGRESSIVE;
				GCC_WARN_UNUSED_FUNCTION = YES;
				GCC_WARN_UNUSED_VARIABLE = YES;
				IPHONEOS_DEPLOYMENT_TARGET = 14.2;
				MTL_ENABLE_DEBUG_INFO = INCLUDE_SOURCE;
				MTL_FAST_MATH = YES;
				ONLY_ACTIVE_ARCH = YES;
				SDKROOT = iphoneos;
			};
			name = Debug;
		};
		B1FCFE70256423BE0000622A /* Release */ = {
			isa = XCBuildConfiguration;
			buildSettings = {
				ALWAYS_SEARCH_USER_PATHS = NO;
				CLANG_ANALYZER_NONNULL = YES;
				CLANG_ANALYZER_NUMBER_OBJECT_CONVERSION = YES_AGGRESSIVE;
				CLANG_CXX_LANGUAGE_STANDARD = "gnu++14";
				CLANG_CXX_LIBRARY = "libc++";
				CLANG_ENABLE_MODULES = YES;
				CLANG_ENABLE_OBJC_ARC = YES;
				CLANG_ENABLE_OBJC_WEAK = YES;
				CLANG_WARN_BLOCK_CAPTURE_AUTORELEASING = YES;
				CLANG_WARN_BOOL_CONVERSION = YES;
				CLANG_WARN_COMMA = YES;
				CLANG_WARN_CONSTANT_CONVERSION = YES;
				CLANG_WARN_DEPRECATED_OBJC_IMPLEMENTATIONS = YES;
				CLANG_WARN_DIRECT_OBJC_ISA_USAGE = YES_ERROR;
				CLANG_WARN_DOCUMENTATION_COMMENTS = YES;
				CLANG_WARN_EMPTY_BODY = YES;
				CLANG_WARN_ENUM_CONVERSION = YES;
				CLANG_WARN_INFINITE_RECURSION = YES;
				CLANG_WARN_INT_CONVERSION = YES;
				CLANG_WARN_NON_LITERAL_NULL_CONVERSION = YES;
				CLANG_WARN_OBJC_IMPLICIT_RETAIN_SELF = YES;
				CLANG_WARN_OBJC_LITERAL_CONVERSION = YES;
				CLANG_WARN_OBJC_ROOT_CLASS = YES_ERROR;
				CLANG_WARN_QUOTED_INCLUDE_IN_FRAMEWORK_HEADER = YES;
				CLANG_WARN_RANGE_LOOP_ANALYSIS = YES;
				CLANG_WARN_STRICT_PROTOTYPES = YES;
				CLANG_WARN_SUSPICIOUS_MOVE = YES;
				CLANG_WARN_UNGUARDED_AVAILABILITY = YES_AGGRESSIVE;
				CLANG_WARN_UNREACHABLE_CODE = YES;
				CLANG_WARN__DUPLICATE_METHOD_MATCH = YES;
				COPY_PHASE_STRIP = NO;
				DEBUG_INFORMATION_FORMAT = "dwarf-with-dsym";
				ENABLE_NS_ASSERTIONS = NO;
				ENABLE_STRICT_OBJC_MSGSEND = YES;
				GCC_C_LANGUAGE_STANDARD = gnu11;
				GCC_NO_COMMON_BLOCKS = YES;
				GCC_WARN_64_TO_32_BIT_CONVERSION = YES;
				GCC_WARN_ABOUT_RETURN_TYPE = YES_ERROR;
				GCC_WARN_UNDECLARED_SELECTOR = YES;
				GCC_WARN_UNINITIALIZED_AUTOS = YES_AGGRESSIVE;
				GCC_WARN_UNUSED_FUNCTION = YES;
				GCC_WARN_UNUSED_VARIABLE = YES;
				IPHONEOS_DEPLOYMENT_TARGET = 14.2;
				MTL_ENABLE_DEBUG_INFO = NO;
				MTL_FAST_MATH = YES;
				SDKROOT = iphoneos;
				VALIDATE_PRODUCT = YES;
			};
			name = Release;
		};
		B1FCFE72256423BE0000622A /* Debug */ = {
			isa = XCBuildConfiguration;
			baseConfigurationReference = 4C22442621A1BCD519E90146 /* Pods-AirTickets.debug.xcconfig */;
			buildSettings = {
				ASSETCATALOG_COMPILER_APPICON_NAME = AppIcon;
				ASSETCATALOG_COMPILER_GLOBAL_ACCENT_COLOR_NAME = AccentColor;
				CODE_SIGN_STYLE = Automatic;
				DEVELOPMENT_TEAM = T2HBBQ5KF9;
				INFOPLIST_FILE = AirTickets/Info.plist;
				LD_RUNPATH_SEARCH_PATHS = (
					"$(inherited)",
					"@executable_path/Frameworks",
				);
				PRODUCT_BUNDLE_IDENTIFIER = home.AirTickets;
				PRODUCT_NAME = "$(TARGET_NAME)";
				TARGETED_DEVICE_FAMILY = "1,2";
			};
			name = Debug;
		};
		B1FCFE73256423BE0000622A /* Release */ = {
			isa = XCBuildConfiguration;
			baseConfigurationReference = CB7D1B04E86F3C3D6E688B9C /* Pods-AirTickets.release.xcconfig */;
			buildSettings = {
				ASSETCATALOG_COMPILER_APPICON_NAME = AppIcon;
				ASSETCATALOG_COMPILER_GLOBAL_ACCENT_COLOR_NAME = AccentColor;
				CODE_SIGN_STYLE = Automatic;
				DEVELOPMENT_TEAM = T2HBBQ5KF9;
				INFOPLIST_FILE = AirTickets/Info.plist;
				LD_RUNPATH_SEARCH_PATHS = (
					"$(inherited)",
					"@executable_path/Frameworks",
				);
				PRODUCT_BUNDLE_IDENTIFIER = home.AirTickets;
				PRODUCT_NAME = "$(TARGET_NAME)";
				TARGETED_DEVICE_FAMILY = "1,2";
			};
			name = Release;
		};
/* End XCBuildConfiguration section */

/* Begin XCConfigurationList section */
		B1FCFE53256423BC0000622A /* Build configuration list for PBXProject "AirTickets" */ = {
			isa = XCConfigurationList;
			buildConfigurations = (
				B1FCFE6F256423BE0000622A /* Debug */,
				B1FCFE70256423BE0000622A /* Release */,
			);
			defaultConfigurationIsVisible = 0;
			defaultConfigurationName = Release;
		};
		B1FCFE71256423BE0000622A /* Build configuration list for PBXNativeTarget "AirTickets" */ = {
			isa = XCConfigurationList;
			buildConfigurations = (
				B1FCFE72256423BE0000622A /* Debug */,
				B1FCFE73256423BE0000622A /* Release */,
			);
			defaultConfigurationIsVisible = 0;
			defaultConfigurationName = Release;
		};
/* End XCConfigurationList section */
	};
	rootObject = B1FCFE50256423BC0000622A /* Project object */;
}
